
Microsoft Visual Studio Solution File, Format Version 12.00
# Visual Studio Version 17
VisualStudioVersion = 17.3.32901.215
MinimumVisualStudioVersion = 10.0.40219.1
Project("{FAE04EC0-301F-11D3-BF4B-00C04F79EFBC}") = "PizzaPlace.Server", "PizzaPlace\Server\PizzaPlace.Server.csproj", "{62FD43A7-FA0F-48C1-A151-EF2CAD11B043}"
EndProject
Project("{FAE04EC0-301F-11D3-BF4B-00C04F79EFBC}") = "PizzaPlace.Client", "PizzaPlace\Client\PizzaPlace.Client.csproj", "{79C9C464-3A7F-47F9-9471-6C9155C4EB45}"
EndProject
Project("{FAE04EC0-301F-11D3-BF4B-00C04F79EFBC}") = "PizzaPlace.Shared", "PizzaPlace\Shared\PizzaPlace.Shared.csproj", "{A35E25AE-8AEA-408B-971E-1E170DD58B7D}"
EndProject
Global
	GlobalSection(SolutionConfigurationPlatforms) = preSolution
		Debug|Any CPU = Debug|Any CPU
		Release|Any CPU = Release|Any CPU
	EndGlobalSection
	GlobalSection(ProjectConfigurationPlatforms) = postSolution
		{62FD43A7-FA0F-48C1-A151-EF2CAD11B043}.Debug|Any CPU.ActiveCfg = Debug|Any CPU
		{62FD43A7-FA0F-48C1-A151-EF2CAD11B043}.Debug|Any CPU.Build.0 = Debug|Any CPU
		{62FD43A7-FA0F-48C1-A151-EF2CAD11B043}.Release|Any CPU.ActiveCfg = Release|Any CPU
		{62FD43A7-FA0F-48C1-A151-EF2CAD11B043}.Release|Any CPU.Build.0 = Release|Any CPU
		{79C9C464-3A7F-47F9-9471-6C9155C4EB45}.Debug|Any CPU.ActiveCfg = Debug|Any CPU
		{79C9C464-3A7F-47F9-9471-6C9155C4EB45}.Debug|Any CPU.Build.0 = Debug|Any CPU
		{79C9C464-3A7F-47F9-9471-6C9155C4EB45}.Release|Any CPU.ActiveCfg = Release|Any CPU
		{79C9C464-3A7F-47F9-9471-6C9155C4EB45}.Release|Any CPU.Build.0 = Release|Any CPU
		{A35E25AE-8AEA-408B-971E-1E170DD58B7D}.Debug|Any CPU.ActiveCfg = Debug|Any CPU
		{A35E25AE-8AEA-408B-971E-1E170DD58B7D}.Debug|Any CPU.Build.0 = Debug|Any CPU
		{A35E25AE-8AEA-408B-971E-1E170DD58B7D}.Release|Any CPU.ActiveCfg = Release|Any CPU
		{A35E25AE-8AEA-408B-971E-1E170DD58B7D}.Release|Any CPU.Build.0 = Release|Any CPU
	EndGlobalSection
	GlobalSection(SolutionProperties) = preSolution
		HideSolutionNode = FALSE
	EndGlobalSection
	GlobalSection(ExtensibilityGlobals) = postSolution
		SolutionGuid = {9E40F94E-A454-40BF-9CBD-D910B2AA44D5}
	EndGlobalSection
EndGlobal
